
Microsoft Visual Studio Solution File, Format Version 12.00
# Visual Studio 2012
Project("{FAE04EC0-301F-11D3-BF4B-00C04F79EFBC}") = "BalloonStrike", "sandbox1\sandbox1\BalloonStrike.csproj", "{C989F3D5-9FCE-4571-988F-6CE856476BC0}"
EndProject
Project("{FAE04EC0-301F-11D3-BF4B-00C04F79EFBC}") = "Content", "sandbox1\sandbox1Content\Content.contentproj", "{F986B821-9EE9-4E52-9BB1-2CA8BA8487C8}"
EndProject
Project("{FAE04EC0-301F-11D3-BF4B-00C04F79EFBC}") = "GameFramework", "GameFramework\GameFramework.csproj", "{FFB1262B-2F0C-434D-A31E-EFA73EA5815C}"
EndProject
Project("{FAE04EC0-301F-11D3-BF4B-00C04F79EFBC}") = "GameInterfaceFramework", "GameInterfaceFramework\GameInterfaceFramework.csproj", "{85F5AF50-C549-4412-9678-D9203386B20D}"
EndProject
Global
	GlobalSection(SolutionConfigurationPlatforms) = preSolution
		Debug|Any CPU = Debug|Any CPU
		Debug|Mixed Platforms = Debug|Mixed Platforms
		Debug|Windows Phone = Debug|Windows Phone
		Release|Any CPU = Release|Any CPU
		Release|Mixed Platforms = Release|Mixed Platforms
		Release|Windows Phone = Release|Windows Phone
	EndGlobalSection
	GlobalSection(ProjectConfigurationPlatforms) = postSolution
		{C989F3D5-9FCE-4571-988F-6CE856476BC0}.Debug|Any CPU.ActiveCfg = Debug|Windows Phone
		{C989F3D5-9FCE-4571-988F-6CE856476BC0}.Debug|Mixed Platforms.ActiveCfg = Debug|Windows Phone
		{C989F3D5-9FCE-4571-988F-6CE856476BC0}.Debug|Mixed Platforms.Build.0 = Debug|Windows Phone
		{C989F3D5-9FCE-4571-988F-6CE856476BC0}.Debug|Mixed Platforms.Deploy.0 = Debug|Windows Phone
		{C989F3D5-9FCE-4571-988F-6CE856476BC0}.Debug|Windows Phone.ActiveCfg = Debug|Windows Phone
		{C989F3D5-9FCE-4571-988F-6CE856476BC0}.Debug|Windows Phone.Build.0 = Debug|Windows Phone
		{C989F3D5-9FCE-4571-988F-6CE856476BC0}.Debug|Windows Phone.Deploy.0 = Debug|Windows Phone
		{C989F3D5-9FCE-4571-988F-6CE856476BC0}.Release|Any CPU.ActiveCfg = Release|Windows Phone
		{C989F3D5-9FCE-4571-988F-6CE856476BC0}.Release|Mixed Platforms.ActiveCfg = Release|Windows Phone
		{C989F3D5-9FCE-4571-988F-6CE856476BC0}.Release|Mixed Platforms.Build.0 = Release|Windows Phone
		{C989F3D5-9FCE-4571-988F-6CE856476BC0}.Release|Mixed Platforms.Deploy.0 = Release|Windows Phone
		{C989F3D5-9FCE-4571-988F-6CE856476BC0}.Release|Windows Phone.ActiveCfg = Release|Windows Phone
		{C989F3D5-9FCE-4571-988F-6CE856476BC0}.Release|Windows Phone.Build.0 = Release|Windows Phone
		{C989F3D5-9FCE-4571-988F-6CE856476BC0}.Release|Windows Phone.Deploy.0 = Release|Windows Phone
		{F986B821-9EE9-4E52-9BB1-2CA8BA8487C8}.Debug|Any CPU.ActiveCfg = Debug|Windows Phone
		{F986B821-9EE9-4E52-9BB1-2CA8BA8487C8}.Debug|Mixed Platforms.ActiveCfg = Debug|Windows Phone
		{F986B821-9EE9-4E52-9BB1-2CA8BA8487C8}.Debug|Windows Phone.ActiveCfg = Debug|Windows Phone
		{F986B821-9EE9-4E52-9BB1-2CA8BA8487C8}.Release|Any CPU.ActiveCfg = Release|Windows Phone
		{F986B821-9EE9-4E52-9BB1-2CA8BA8487C8}.Release|Mixed Platforms.ActiveCfg = Release|Windows Phone
		{F986B821-9EE9-4E52-9BB1-2CA8BA8487C8}.Release|Windows Phone.ActiveCfg = Release|Windows Phone
		{FFB1262B-2F0C-434D-A31E-EFA73EA5815C}.Debug|Any CPU.ActiveCfg = Debug|Any CPU
		{FFB1262B-2F0C-434D-A31E-EFA73EA5815C}.Debug|Any CPU.Build.0 = Debug|Any CPU
		{FFB1262B-2F0C-434D-A31E-EFA73EA5815C}.Debug|Mixed Platforms.ActiveCfg = Debug|Any CPU
		{FFB1262B-2F0C-434D-A31E-EFA73EA5815C}.Debug|Mixed Platforms.Build.0 = Debug|Any CPU
		{FFB1262B-2F0C-434D-A31E-EFA73EA5815C}.Debug|Windows Phone.ActiveCfg = Debug|Any CPU
		{FFB1262B-2F0C-434D-A31E-EFA73EA5815C}.Release|Any CPU.ActiveCfg = Release|Any CPU
		{FFB1262B-2F0C-434D-A31E-EFA73EA5815C}.Release|Any CPU.Build.0 = Release|Any CPU
		{FFB1262B-2F0C-434D-A31E-EFA73EA5815C}.Release|Mixed Platforms.ActiveCfg = Release|Any CPU
		{FFB1262B-2F0C-434D-A31E-EFA73EA5815C}.Release|Mixed Platforms.Build.0 = Release|Any CPU
		{FFB1262B-2F0C-434D-A31E-EFA73EA5815C}.Release|Windows Phone.ActiveCfg = Release|Any CPU
		{85F5AF50-C549-4412-9678-D9203386B20D}.Debug|Any CPU.ActiveCfg = Debug|Any CPU
		{85F5AF50-C549-4412-9678-D9203386B20D}.Debug|Any CPU.Build.0 = Debug|Any CPU
		{85F5AF50-C549-4412-9678-D9203386B20D}.Debug|Mixed Platforms.ActiveCfg = Debug|Any CPU
		{85F5AF50-C549-4412-9678-D9203386B20D}.Debug|Mixed Platforms.Build.0 = Debug|Any CPU
		{85F5AF50-C549-4412-9678-D9203386B20D}.Debug|Windows Phone.ActiveCfg = Debug|Any CPU
		{85F5AF50-C549-4412-9678-D9203386B20D}.Release|Any CPU.ActiveCfg = Release|Any CPU
		{85F5AF50-C549-4412-9678-D9203386B20D}.Release|Any CPU.Build.0 = Release|Any CPU
		{85F5AF50-C549-4412-9678-D9203386B20D}.Release|Mixed Platforms.ActiveCfg = Release|Any CPU
		{85F5AF50-C549-4412-9678-D9203386B20D}.Release|Mixed Platforms.Build.0 = Release|Any CPU
		{85F5AF50-C549-4412-9678-D9203386B20D}.Release|Windows Phone.ActiveCfg = Release|Any CPU
	EndGlobalSection
	GlobalSection(SolutionProperties) = preSolution
		HideSolutionNode = FALSE
	EndGlobalSection
EndGlobal
